
Microsoft Visual Studio Solution File, Format Version 12.00
# Visual Studio 14
VisualStudioVersion = 14.0.25420.1
MinimumVisualStudioVersion = 10.0.40219.1
Project("{FAE04EC0-301F-11D3-BF4B-00C04F79EFBC}") = "GymnasieArbete", "GymnasieArbete\GymnasieArbete\GymnasieArbete.csproj", "{260A4D0D-47F8-4789-BB5B-E6EB7B6E1392}"
EndProject
Project("{FAE04EC0-301F-11D3-BF4B-00C04F79EFBC}") = "GymnasieArbeteContent", "GymnasieArbete\GymnasieArbeteContent\GymnasieArbeteContent.contentproj", "{E1958C0D-E9E8-42B4-85B6-0D84EBA5033B}"
EndProject
Global
	GlobalSection(SolutionConfigurationPlatforms) = preSolution
		Debug|x86 = Debug|x86
		Release|x86 = Release|x86
	EndGlobalSection
	GlobalSection(ProjectConfigurationPlatforms) = postSolution
		{260A4D0D-47F8-4789-BB5B-E6EB7B6E1392}.Debug|x86.ActiveCfg = Debug|x86
		{260A4D0D-47F8-4789-BB5B-E6EB7B6E1392}.Debug|x86.Build.0 = Debug|x86
		{260A4D0D-47F8-4789-BB5B-E6EB7B6E1392}.Release|x86.ActiveCfg = Release|x86
		{260A4D0D-47F8-4789-BB5B-E6EB7B6E1392}.Release|x86.Build.0 = Release|x86
		{E1958C0D-E9E8-42B4-85B6-0D84EBA5033B}.Debug|x86.ActiveCfg = Debug|x86
		{E1958C0D-E9E8-42B4-85B6-0D84EBA5033B}.Release|x86.ActiveCfg = Release|x86
	EndGlobalSection
	GlobalSection(SolutionProperties) = preSolution
		HideSolutionNode = FALSE
	EndGlobalSection
EndGlobal
